{
  "version": 4,
  "terraform_version": "1.4.5",
  "serial": 107,
  "lineage": "2832b2bd-4b5c-3fb0-0c7c-15ee2c7de2d3",
  "outputs": {},
  "resources": [
    {
      "mode": "managed",
      "type": "aws_eip",
      "name": "nat_eip",
      "provider": "provider[\"registry.terraform.io/hashicorp/aws\"]",
      "instances": [
        {
          "schema_version": 0,
          "attributes": {
            "address": null,
            "allocation_id": "eipalloc-0d829efd6f3cc4890",
            "associate_with_private_ip": null,
            "association_id": "eipassoc-0396d0db0e63a8373",
            "carrier_ip": "",
            "customer_owned_ip": "",
            "customer_owned_ipv4_pool": "",
            "domain": "vpc",
            "id": "eipalloc-0d829efd6f3cc4890",
            "instance": "",
            "network_border_group": "us-east-1",
            "network_interface": "eni-0869fd2bb341e5a87",
            "private_dns": "ip-10-0-1-253.ec2.internal",
            "private_ip": "10.0.1.253",
            "public_dns": "ec2-3-224-144-146.compute-1.amazonaws.com",
            "public_ip": "3.224.144.146",
            "public_ipv4_pool": "amazon",
            "tags": {},
            "tags_all": {},
            "timeouts": null,
            "vpc": true
          },
          "sensitive_attributes": [],
          "private": "eyJlMmJmYjczMC1lY2FhLTExZTYtOGY4OC0zNDM2M2JjN2M0YzAiOnsiZGVsZXRlIjoxODAwMDAwMDAwMDAsInJlYWQiOjkwMDAwMDAwMDAwMCwidXBkYXRlIjozMDAwMDAwMDAwMDB9fQ==",
          "dependencies": [
            "aws_internet_gateway.gw",
            "aws_vpc.main"
          ]
        }
      ]
    },
    {
      "mode": "managed",
      "type": "aws_instance",
      "name": "private-instance",
      "provider": "provider[\"registry.terraform.io/hashicorp/aws\"]",
      "instances": [
        {
          "schema_version": 1,
          "attributes": {
            "ami": "ami-06e46074ae430fba6",
            "arn": "arn:aws:ec2:us-east-1:174373590489:instance/i-0b0b89fdd8ac8045c",
            "associate_public_ip_address": false,
            "availability_zone": "us-east-1a",
            "capacity_reservation_specification": [
              {
                "capacity_reservation_preference": "open",
                "capacity_reservation_target": []
              }
            ],
            "cpu_core_count": 1,
            "cpu_threads_per_core": 1,
            "credit_specification": [
              {
                "cpu_credits": "standard"
              }
            ],
            "disable_api_stop": false,
            "disable_api_termination": false,
            "ebs_block_device": [],
            "ebs_optimized": false,
            "enclave_options": [
              {
                "enabled": false
              }
            ],
            "ephemeral_block_device": [],
            "get_password_data": false,
            "hibernation": false,
            "host_id": "",
            "host_resource_group_arn": null,
            "iam_instance_profile": "",
            "id": "i-0b0b89fdd8ac8045c",
            "instance_initiated_shutdown_behavior": "stop",
            "instance_state": "running",
            "instance_type": "t2.micro",
            "ipv6_address_count": 0,
            "ipv6_addresses": [],
            "key_name": "tf-key-pair",
            "launch_template": [],
            "maintenance_options": [
              {
                "auto_recovery": "default"
              }
            ],
            "metadata_options": [
              {
                "http_endpoint": "enabled",
                "http_put_response_hop_limit": 2,
                "http_tokens": "required",
                "instance_metadata_tags": "disabled"
              }
            ],
            "monitoring": false,
            "network_interface": [],
            "outpost_arn": "",
            "password_data": "",
            "placement_group": "",
            "placement_partition_number": 0,
            "primary_network_interface_id": "eni-0c8eca7dd6acc2281",
            "private_dns": "ip-10-0-2-78.ec2.internal",
            "private_dns_name_options": [
              {
                "enable_resource_name_dns_a_record": false,
                "enable_resource_name_dns_aaaa_record": false,
                "hostname_type": "ip-name"
              }
            ],
            "private_ip": "10.0.2.78",
            "public_dns": "",
            "public_ip": "",
            "root_block_device": [
              {
                "delete_on_termination": true,
                "device_name": "/dev/xvda",
                "encrypted": false,
                "iops": 3000,
                "kms_key_id": "",
                "tags": {},
                "throughput": 125,
                "volume_id": "vol-03059b98a7874f6e6",
                "volume_size": 8,
                "volume_type": "gp3"
              }
            ],
            "secondary_private_ips": [],
            "security_groups": [
              "sg-0fec4efcafc1052e2"
            ],
            "source_dest_check": true,
            "subnet_id": "subnet-0b8387f0ec4e9d9e5",
            "tags": null,
            "tags_all": {},
            "tenancy": "default",
            "timeouts": null,
            "user_data": null,
            "user_data_base64": null,
            "user_data_replace_on_change": false,
            "volume_tags": null,
            "vpc_security_group_ids": [
              "sg-0fec4efcafc1052e2"
            ]
          },
          "sensitive_attributes": [],
          "private": "eyJlMmJmYjczMC1lY2FhLTExZTYtOGY4OC0zNDM2M2JjN2M0YzAiOnsiY3JlYXRlIjo2MDAwMDAwMDAwMDAsImRlbGV0ZSI6MTIwMDAwMDAwMDAwMCwidXBkYXRlIjo2MDAwMDAwMDAwMDB9LCJzY2hlbWFfdmVyc2lvbiI6IjEifQ==",
          "dependencies": [
            "aws_key_pair.tf-key-pair",
            "aws_security_group.private_sg",
            "aws_subnet.private_sub",
            "tls_private_key.rsa"
          ]
        }
      ]
    },
    {
      "mode": "managed",
      "type": "aws_instance",
      "name": "public-instance",
      "provider": "provider[\"registry.terraform.io/hashicorp/aws\"]",
      "instances": [
        {
          "schema_version": 1,
          "attributes": {
            "ami": "ami-06e46074ae430fba6",
            "arn": "arn:aws:ec2:us-east-1:174373590489:instance/i-0e873a3c69bdf9614",
            "associate_public_ip_address": true,
            "availability_zone": "us-east-1a",
            "capacity_reservation_specification": [
              {
                "capacity_reservation_preference": "open",
                "capacity_reservation_target": []
              }
            ],
            "cpu_core_count": 1,
            "cpu_threads_per_core": 1,
            "credit_specification": [
              {
                "cpu_credits": "standard"
              }
            ],
            "disable_api_stop": false,
            "disable_api_termination": false,
            "ebs_block_device": [],
            "ebs_optimized": false,
            "enclave_options": [
              {
                "enabled": false
              }
            ],
            "ephemeral_block_device": [],
            "get_password_data": false,
            "hibernation": false,
            "host_id": "",
            "host_resource_group_arn": null,
            "iam_instance_profile": "",
            "id": "i-0e873a3c69bdf9614",
            "instance_initiated_shutdown_behavior": "stop",
            "instance_state": "running",
            "instance_type": "t2.micro",
            "ipv6_address_count": 0,
            "ipv6_addresses": [],
            "key_name": "tf-key-pair",
            "launch_template": [],
            "maintenance_options": [
              {
                "auto_recovery": "default"
              }
            ],
            "metadata_options": [
              {
                "http_endpoint": "enabled",
                "http_put_response_hop_limit": 2,
                "http_tokens": "required",
                "instance_metadata_tags": "disabled"
              }
            ],
            "monitoring": false,
            "network_interface": [],
            "outpost_arn": "",
            "password_data": "",
            "placement_group": "",
            "placement_partition_number": 0,
            "primary_network_interface_id": "eni-0e433ab9ac708bbad",
            "private_dns": "ip-10-0-1-176.ec2.internal",
            "private_dns_name_options": [
              {
                "enable_resource_name_dns_a_record": false,
                "enable_resource_name_dns_aaaa_record": false,
                "hostname_type": "ip-name"
              }
            ],
            "private_ip": "10.0.1.176",
            "public_dns": "ec2-3-210-203-78.compute-1.amazonaws.com",
            "public_ip": "3.210.203.78",
            "root_block_device": [
              {
                "delete_on_termination": true,
                "device_name": "/dev/xvda",
                "encrypted": false,
                "iops": 3000,
                "kms_key_id": "",
                "tags": {},
                "throughput": 125,
                "volume_id": "vol-0292c05d703ada00e",
                "volume_size": 8,
                "volume_type": "gp3"
              }
            ],
            "secondary_private_ips": [],
            "security_groups": [],
            "source_dest_check": true,
            "subnet_id": "subnet-07af3d044f6bcdba6",
            "tags": null,
            "tags_all": {},
            "tenancy": "default",
            "timeouts": null,
            "user_data": "43ebb955405319da0528d9417d13c3e920b80a4d",
            "user_data_base64": null,
            "user_data_replace_on_change": false,
            "volume_tags": null,
            "vpc_security_group_ids": [
              "sg-01813e53a96d7291d"
            ]
          },
          "sensitive_attributes": [],
          "private": "eyJlMmJmYjczMC1lY2FhLTExZTYtOGY4OC0zNDM2M2JjN2M0YzAiOnsiY3JlYXRlIjo2MDAwMDAwMDAwMDAsImRlbGV0ZSI6MTIwMDAwMDAwMDAwMCwidXBkYXRlIjo2MDAwMDAwMDAwMDB9LCJzY2hlbWFfdmVyc2lvbiI6IjEifQ==",
          "dependencies": [
            "aws_key_pair.tf-key-pair",
            "aws_security_group.public_sg",
            "aws_subnet.public_sub",
            "tls_private_key.rsa"
          ]
        }
      ]
    },
    {
      "mode": "managed",
      "type": "aws_internet_gateway",
      "name": "gw",
      "provider": "provider[\"registry.terraform.io/hashicorp/aws\"]",
      "instances": [
        {
          "schema_version": 0,
          "attributes": {
            "arn": "arn:aws:ec2:us-east-1:174373590489:internet-gateway/igw-08f6f36bc34ca4b47",
            "id": "igw-08f6f36bc34ca4b47",
            "owner_id": "174373590489",
            "tags": {},
            "tags_all": {},
            "timeouts": null,
            "vpc_id": "vpc-0becd40d441af7cf3"
          },
          "sensitive_attributes": [],
          "private": "eyJlMmJmYjczMC1lY2FhLTExZTYtOGY4OC0zNDM2M2JjN2M0YzAiOnsiY3JlYXRlIjoxMjAwMDAwMDAwMDAwLCJkZWxldGUiOjEyMDAwMDAwMDAwMDAsInVwZGF0ZSI6MTIwMDAwMDAwMDAwMH19",
          "dependencies": [
            "aws_vpc.main"
          ]
        }
      ]
    },
    {
      "mode": "managed",
      "type": "aws_key_pair",
      "name": "tf-key-pair",
      "provider": "provider[\"registry.terraform.io/hashicorp/aws\"]",
      "instances": [
        {
          "schema_version": 1,
          "attributes": {
            "arn": "arn:aws:ec2:us-east-1:174373590489:key-pair/tf-key-pair",
            "fingerprint": "8b:82:ee:00:3b:0d:d3:5e:57:36:b7:6d:db:ab:a6:48",
            "id": "tf-key-pair",
            "key_name": "tf-key-pair",
            "key_name_prefix": "",
            "key_pair_id": "key-0d11fcb7b84303c20",
            "key_type": "rsa",
            "public_key": "ssh-rsa AAAAB3NzaC1yc2EAAAADAQABAAABAQDbDqJTSasAvDDsIzhiG4zim48q3KNhKY5tAcq1YGNWk+D2CHU/RlVzdmLCXSRGyWHw90YJTkrOom1BkACV9s0uNh4+Oh9OLCa7VWFbIQ+NlhXqR4y6ma08rSSxPxjebfTl7TvVQ85H+7zKGhh8UVIUGTxAgvu0q5HjrdE5pGHvtX6Fj0u8kc1JRwvGq6goZaTdvUvNSUMs2iWqUHILG2sD+7txlSKId/06MD93wS46wm5LdE4bOZCCfpD529quaEe3FRQUuxN9t5Rkrna8mDLAikbwS6QN5z3xG7JMNN09hRn+tpzLzyT7bKUfubUfPGLBP1vUuYep84+K2Gbc4FtZ",
            "tags": null,
            "tags_all": {}
          },
          "sensitive_attributes": [],
          "private": "eyJzY2hlbWFfdmVyc2lvbiI6IjEifQ==",
          "dependencies": [
            "tls_private_key.rsa"
          ]
        }
      ]
    },
    {
      "mode": "managed",
      "type": "aws_nat_gateway",
      "name": "nat",
      "provider": "provider[\"registry.terraform.io/hashicorp/aws\"]",
      "instances": [
        {
          "schema_version": 0,
          "attributes": {
            "allocation_id": "eipalloc-0d829efd6f3cc4890",
            "association_id": "eipassoc-0396d0db0e63a8373",
            "connectivity_type": "public",
            "id": "nat-06aed6139cef0032b",
            "network_interface_id": "eni-0869fd2bb341e5a87",
            "private_ip": "10.0.1.253",
            "public_ip": "3.224.144.146",
            "subnet_id": "subnet-07af3d044f6bcdba6",
            "tags": {},
            "tags_all": {}
          },
          "sensitive_attributes": [],
          "private": "bnVsbA==",
          "dependencies": [
            "aws_eip.nat_eip",
            "aws_internet_gateway.gw",
            "aws_subnet.public_sub",
            "aws_vpc.main"
          ]
        }
      ]
    },
    {
      "mode": "managed",
      "type": "aws_route",
      "name": "private_nat_gateway",
      "provider": "provider[\"registry.terraform.io/hashicorp/aws\"]",
      "instances": [
        {
          "schema_version": 0,
          "attributes": {
            "carrier_gateway_id": "",
            "core_network_arn": "",
            "destination_cidr_block": "0.0.0.0/0",
            "destination_ipv6_cidr_block": "",
            "destination_prefix_list_id": "",
            "egress_only_gateway_id": "",
            "gateway_id": "",
            "id": "r-rtb-00efb84c714ded05b1080289494",
            "instance_id": "",
            "instance_owner_id": "",
            "local_gateway_id": "",
            "nat_gateway_id": "nat-06aed6139cef0032b",
            "network_interface_id": "",
            "origin": "CreateRoute",
            "route_table_id": "rtb-00efb84c714ded05b",
            "state": "active",
            "timeouts": null,
            "transit_gateway_id": "",
            "vpc_endpoint_id": "",
            "vpc_peering_connection_id": ""
          },
          "sensitive_attributes": [],
          "private": "eyJlMmJmYjczMC1lY2FhLTExZTYtOGY4OC0zNDM2M2JjN2M0YzAiOnsiY3JlYXRlIjozMDAwMDAwMDAwMDAsImRlbGV0ZSI6MzAwMDAwMDAwMDAwLCJ1cGRhdGUiOjEyMDAwMDAwMDAwMH19",
          "dependencies": [
            "aws_eip.nat_eip",
            "aws_internet_gateway.gw",
            "aws_nat_gateway.nat",
            "aws_route_table.private_rt",
            "aws_subnet.public_sub",
            "aws_vpc.main"
          ]
        }
      ]
    },
    {
      "mode": "managed",
      "type": "aws_route",
      "name": "public_internet_gateway",
      "provider": "provider[\"registry.terraform.io/hashicorp/aws\"]",
      "instances": [
        {
          "schema_version": 0,
          "attributes": {
            "carrier_gateway_id": "",
            "core_network_arn": "",
            "destination_cidr_block": "0.0.0.0/0",
            "destination_ipv6_cidr_block": "",
            "destination_prefix_list_id": "",
            "egress_only_gateway_id": "",
            "gateway_id": "igw-08f6f36bc34ca4b47",
            "id": "r-rtb-08f205b8756154ee31080289494",
            "instance_id": "",
            "instance_owner_id": "",
            "local_gateway_id": "",
            "nat_gateway_id": "",
            "network_interface_id": "",
            "origin": "CreateRoute",
            "route_table_id": "rtb-08f205b8756154ee3",
            "state": "active",
            "timeouts": null,
            "transit_gateway_id": "",
            "vpc_endpoint_id": "",
            "vpc_peering_connection_id": ""
          },
          "sensitive_attributes": [],
          "private": "eyJlMmJmYjczMC1lY2FhLTExZTYtOGY4OC0zNDM2M2JjN2M0YzAiOnsiY3JlYXRlIjozMDAwMDAwMDAwMDAsImRlbGV0ZSI6MzAwMDAwMDAwMDAwLCJ1cGRhdGUiOjEyMDAwMDAwMDAwMH19",
          "dependencies": [
            "aws_internet_gateway.gw",
            "aws_route_table.public_rt",
            "aws_vpc.main"
          ]
        }
      ]
    },
    {
      "mode": "managed",
      "type": "aws_route_table",
      "name": "private_rt",
      "provider": "provider[\"registry.terraform.io/hashicorp/aws\"]",
      "instances": [
        {
          "schema_version": 0,
          "attributes": {
            "arn": "arn:aws:ec2:us-east-1:174373590489:route-table/rtb-00efb84c714ded05b",
            "id": "rtb-00efb84c714ded05b",
            "owner_id": "174373590489",
            "propagating_vgws": [],
            "route": [
              {
                "carrier_gateway_id": "",
                "cidr_block": "0.0.0.0/0",
                "core_network_arn": "",
                "destination_prefix_list_id": "",
                "egress_only_gateway_id": "",
                "gateway_id": "",
                "instance_id": "",
                "ipv6_cidr_block": "",
                "local_gateway_id": "",
                "nat_gateway_id": "nat-06aed6139cef0032b",
                "network_interface_id": "",
                "transit_gateway_id": "",
                "vpc_endpoint_id": "",
                "vpc_peering_connection_id": ""
              }
            ],
            "tags": {},
            "tags_all": {},
            "timeouts": null,
            "vpc_id": "vpc-0becd40d441af7cf3"
          },
          "sensitive_attributes": [],
          "private": "eyJlMmJmYjczMC1lY2FhLTExZTYtOGY4OC0zNDM2M2JjN2M0YzAiOnsiY3JlYXRlIjozMDAwMDAwMDAwMDAsImRlbGV0ZSI6MzAwMDAwMDAwMDAwLCJ1cGRhdGUiOjEyMDAwMDAwMDAwMH19",
          "dependencies": [
            "aws_vpc.main"
          ]
        }
      ]
    },
    {
      "mode": "managed",
      "type": "aws_route_table",
      "name": "public_rt",
      "provider": "provider[\"registry.terraform.io/hashicorp/aws\"]",
      "instances": [
        {
          "schema_version": 0,
          "attributes": {
            "arn": "arn:aws:ec2:us-east-1:174373590489:route-table/rtb-08f205b8756154ee3",
            "id": "rtb-08f205b8756154ee3",
            "owner_id": "174373590489",
            "propagating_vgws": [],
            "route": [
              {
                "carrier_gateway_id": "",
                "cidr_block": "0.0.0.0/0",
                "core_network_arn": "",
                "destination_prefix_list_id": "",
                "egress_only_gateway_id": "",
                "gateway_id": "igw-08f6f36bc34ca4b47",
                "instance_id": "",
                "ipv6_cidr_block": "",
                "local_gateway_id": "",
                "nat_gateway_id": "",
                "network_interface_id": "",
                "transit_gateway_id": "",
                "vpc_endpoint_id": "",
                "vpc_peering_connection_id": ""
              }
            ],
            "tags": {},
            "tags_all": {},
            "timeouts": null,
            "vpc_id": "vpc-0becd40d441af7cf3"
          },
          "sensitive_attributes": [],
          "private": "eyJlMmJmYjczMC1lY2FhLTExZTYtOGY4OC0zNDM2M2JjN2M0YzAiOnsiY3JlYXRlIjozMDAwMDAwMDAwMDAsImRlbGV0ZSI6MzAwMDAwMDAwMDAwLCJ1cGRhdGUiOjEyMDAwMDAwMDAwMH19",
          "dependencies": [
            "aws_vpc.main"
          ]
        }
      ]
    },
    {
      "mode": "managed",
      "type": "aws_route_table_association",
      "name": "private_rts",
      "provider": "provider[\"registry.terraform.io/hashicorp/aws\"]",
      "instances": [
        {
          "schema_version": 0,
          "attributes": {
            "gateway_id": "",
            "id": "rtbassoc-08e0a6672455fbd14",
            "route_table_id": "rtb-00efb84c714ded05b",
            "subnet_id": "subnet-0b8387f0ec4e9d9e5"
          },
          "sensitive_attributes": [],
          "private": "bnVsbA==",
          "dependencies": [
            "aws_route_table.private_rt",
            "aws_subnet.private_sub",
            "aws_vpc.main"
          ]
        }
      ]
    },
    {
      "mode": "managed",
      "type": "aws_route_table_association",
      "name": "public_rts",
      "provider": "provider[\"registry.terraform.io/hashicorp/aws\"]",
      "instances": [
        {
          "schema_version": 0,
          "attributes": {
            "gateway_id": "",
            "id": "rtbassoc-09bc551630dd02e38",
            "route_table_id": "rtb-08f205b8756154ee3",
            "subnet_id": "subnet-07af3d044f6bcdba6"
          },
          "sensitive_attributes": [],
          "private": "bnVsbA==",
          "dependencies": [
            "aws_route_table.public_rt",
            "aws_subnet.public_sub",
            "aws_vpc.main"
          ]
        }
      ]
    },
    {
      "mode": "managed",
      "type": "aws_security_group",
      "name": "default",
      "provider": "provider[\"registry.terraform.io/hashicorp/aws\"]",
      "instances": [
        {
          "schema_version": 1,
          "attributes": {
            "arn": "arn:aws:ec2:us-east-1:174373590489:security-group/sg-0f20d9025fcb295f9",
            "description": "Default SG to alllow traffic from the VPC",
            "egress": [
              {
                "cidr_blocks": [],
                "description": "",
                "from_port": 0,
                "ipv6_cidr_blocks": [],
                "prefix_list_ids": [],
                "protocol": "-1",
                "security_groups": [],
                "self": true,
                "to_port": 0
              }
            ],
            "id": "sg-0f20d9025fcb295f9",
            "ingress": [
              {
                "cidr_blocks": [],
                "description": "",
                "from_port": 0,
                "ipv6_cidr_blocks": [],
                "prefix_list_ids": [],
                "protocol": "-1",
                "security_groups": [],
                "self": true,
                "to_port": 0
              }
            ],
            "name": "vpc-sg",
            "name_prefix": "",
            "owner_id": "174373590489",
            "revoke_rules_on_delete": false,
            "tags": {},
            "tags_all": {},
            "timeouts": null,
            "vpc_id": "vpc-0becd40d441af7cf3"
          },
          "sensitive_attributes": [],
          "private": "eyJlMmJmYjczMC1lY2FhLTExZTYtOGY4OC0zNDM2M2JjN2M0YzAiOnsiY3JlYXRlIjo2MDAwMDAwMDAwMDAsImRlbGV0ZSI6OTAwMDAwMDAwMDAwfSwic2NoZW1hX3ZlcnNpb24iOiIxIn0=",
          "dependencies": [
            "aws_vpc.main"
          ]
        }
      ]
    },
    {
      "mode": "managed",
      "type": "aws_security_group",
      "name": "private_sg",
      "provider": "provider[\"registry.terraform.io/hashicorp/aws\"]",
      "instances": [
        {
          "schema_version": 1,
          "attributes": {
            "arn": "arn:aws:ec2:us-east-1:174373590489:security-group/sg-0fec4efcafc1052e2",
            "description": "Managed by Terraform",
            "egress": [
              {
                "cidr_blocks": [
                  "0.0.0.0/0"
                ],
                "description": "",
                "from_port": 0,
                "ipv6_cidr_blocks": [],
                "prefix_list_ids": [],
                "protocol": "-1",
                "security_groups": [],
                "self": false,
                "to_port": 0
              }
            ],
            "id": "sg-0fec4efcafc1052e2",
            "ingress": [
              {
                "cidr_blocks": [
                  "10.0.0.0/16"
                ],
                "description": "",
                "from_port": 22,
                "ipv6_cidr_blocks": [],
                "prefix_list_ids": [],
                "protocol": "tcp",
                "security_groups": [],
                "self": false,
                "to_port": 22
              },
              {
                "cidr_blocks": [
                  "10.0.0.0/16"
                ],
                "description": "",
                "from_port": 3000,
                "ipv6_cidr_blocks": [],
                "prefix_list_ids": [],
                "protocol": "tcp",
                "security_groups": [],
                "self": false,
                "to_port": 3000
              }
            ],
            "name": "private_sg",
            "name_prefix": "",
            "owner_id": "174373590489",
            "revoke_rules_on_delete": false,
            "tags": {},
            "tags_all": {},
            "timeouts": null,
            "vpc_id": "vpc-0becd40d441af7cf3"
          },
          "sensitive_attributes": [],
          "private": "eyJlMmJmYjczMC1lY2FhLTExZTYtOGY4OC0zNDM2M2JjN2M0YzAiOnsiY3JlYXRlIjo2MDAwMDAwMDAwMDAsImRlbGV0ZSI6OTAwMDAwMDAwMDAwfSwic2NoZW1hX3ZlcnNpb24iOiIxIn0=",
          "dependencies": [
            "aws_vpc.main"
          ]
        }
      ]
    },
    {
      "mode": "managed",
      "type": "aws_security_group",
      "name": "public_sg",
      "provider": "provider[\"registry.terraform.io/hashicorp/aws\"]",
      "instances": [
        {
          "schema_version": 1,
          "attributes": {
            "arn": "arn:aws:ec2:us-east-1:174373590489:security-group/sg-01813e53a96d7291d",
            "description": "Managed by Terraform",
            "egress": [
              {
                "cidr_blocks": [
                  "0.0.0.0/0"
                ],
                "description": "",
                "from_port": 0,
                "ipv6_cidr_blocks": [],
                "prefix_list_ids": [],
                "protocol": "-1",
                "security_groups": [],
                "self": false,
                "to_port": 0
              }
            ],
            "id": "sg-01813e53a96d7291d",
            "ingress": [
              {
                "cidr_blocks": [
                  "0.0.0.0/0"
                ],
                "description": "",
                "from_port": 22,
                "ipv6_cidr_blocks": [],
                "prefix_list_ids": [],
                "protocol": "tcp",
                "security_groups": [],
                "self": false,
                "to_port": 22
              },
              {
                "cidr_blocks": [
                  "0.0.0.0/0"
                ],
                "description": "",
                "from_port": 80,
                "ipv6_cidr_blocks": [],
                "prefix_list_ids": [],
                "protocol": "tcp",
                "security_groups": [],
                "self": false,
                "to_port": 80
              }
            ],
            "name": "public_sg",
            "name_prefix": "",
            "owner_id": "174373590489",
            "revoke_rules_on_delete": false,
            "tags": {},
            "tags_all": {},
            "timeouts": null,
            "vpc_id": "vpc-0becd40d441af7cf3"
          },
          "sensitive_attributes": [],
          "private": "eyJlMmJmYjczMC1lY2FhLTExZTYtOGY4OC0zNDM2M2JjN2M0YzAiOnsiY3JlYXRlIjo2MDAwMDAwMDAwMDAsImRlbGV0ZSI6OTAwMDAwMDAwMDAwfSwic2NoZW1hX3ZlcnNpb24iOiIxIn0=",
          "dependencies": [
            "aws_vpc.main"
          ]
        }
      ]
    },
    {
      "mode": "managed",
      "type": "aws_subnet",
      "name": "private_sub",
      "provider": "provider[\"registry.terraform.io/hashicorp/aws\"]",
      "instances": [
        {
          "schema_version": 1,
          "attributes": {
            "arn": "arn:aws:ec2:us-east-1:174373590489:subnet/subnet-0b8387f0ec4e9d9e5",
            "assign_ipv6_address_on_creation": false,
            "availability_zone": "us-east-1a",
            "availability_zone_id": "use1-az1",
            "cidr_block": "10.0.2.0/24",
            "customer_owned_ipv4_pool": "",
            "enable_dns64": false,
            "enable_resource_name_dns_a_record_on_launch": false,
            "enable_resource_name_dns_aaaa_record_on_launch": false,
            "id": "subnet-0b8387f0ec4e9d9e5",
            "ipv6_cidr_block": "",
            "ipv6_cidr_block_association_id": "",
            "ipv6_native": false,
            "map_customer_owned_ip_on_launch": false,
            "map_public_ip_on_launch": false,
            "outpost_arn": "",
            "owner_id": "174373590489",
            "private_dns_hostname_type_on_launch": "ip-name",
            "tags": {},
            "tags_all": {},
            "timeouts": null,
            "vpc_id": "vpc-0becd40d441af7cf3"
          },
          "sensitive_attributes": [],
          "private": "eyJlMmJmYjczMC1lY2FhLTExZTYtOGY4OC0zNDM2M2JjN2M0YzAiOnsiY3JlYXRlIjo2MDAwMDAwMDAwMDAsImRlbGV0ZSI6MTIwMDAwMDAwMDAwMH0sInNjaGVtYV92ZXJzaW9uIjoiMSJ9",
          "dependencies": [
            "aws_vpc.main"
          ]
        }
      ]
    },
    {
      "mode": "managed",
      "type": "aws_subnet",
      "name": "public_sub",
      "provider": "provider[\"registry.terraform.io/hashicorp/aws\"]",
      "instances": [
        {
          "schema_version": 1,
          "attributes": {
            "arn": "arn:aws:ec2:us-east-1:174373590489:subnet/subnet-07af3d044f6bcdba6",
            "assign_ipv6_address_on_creation": false,
            "availability_zone": "us-east-1a",
            "availability_zone_id": "use1-az1",
            "cidr_block": "10.0.1.0/24",
            "customer_owned_ipv4_pool": "",
            "enable_dns64": false,
            "enable_resource_name_dns_a_record_on_launch": false,
            "enable_resource_name_dns_aaaa_record_on_launch": false,
            "id": "subnet-07af3d044f6bcdba6",
            "ipv6_cidr_block": "",
            "ipv6_cidr_block_association_id": "",
            "ipv6_native": false,
            "map_customer_owned_ip_on_launch": false,
            "map_public_ip_on_launch": true,
            "outpost_arn": "",
            "owner_id": "174373590489",
            "private_dns_hostname_type_on_launch": "ip-name",
            "tags": {},
            "tags_all": {},
            "timeouts": null,
            "vpc_id": "vpc-0becd40d441af7cf3"
          },
          "sensitive_attributes": [],
          "private": "eyJlMmJmYjczMC1lY2FhLTExZTYtOGY4OC0zNDM2M2JjN2M0YzAiOnsiY3JlYXRlIjo2MDAwMDAwMDAwMDAsImRlbGV0ZSI6MTIwMDAwMDAwMDAwMH0sInNjaGVtYV92ZXJzaW9uIjoiMSJ9",
          "dependencies": [
            "aws_vpc.main"
          ]
        }
      ]
    },
    {
      "mode": "managed",
      "type": "aws_vpc",
      "name": "main",
      "provider": "provider[\"registry.terraform.io/hashicorp/aws\"]",
      "instances": [
        {
          "schema_version": 1,
          "attributes": {
            "arn": "arn:aws:ec2:us-east-1:174373590489:vpc/vpc-0becd40d441af7cf3",
            "assign_generated_ipv6_cidr_block": false,
            "cidr_block": "10.0.0.0/16",
            "default_network_acl_id": "acl-01298a05b1762e630",
            "default_route_table_id": "rtb-0b19ac350ce51c990",
            "default_security_group_id": "sg-05723cb48602ca592",
            "dhcp_options_id": "dopt-05dc1fde5bec585f7",
            "enable_classiclink": false,
            "enable_classiclink_dns_support": false,
            "enable_dns_hostnames": true,
            "enable_dns_support": true,
            "enable_network_address_usage_metrics": false,
            "id": "vpc-0becd40d441af7cf3",
            "instance_tenancy": "default",
            "ipv4_ipam_pool_id": null,
            "ipv4_netmask_length": null,
            "ipv6_association_id": "",
            "ipv6_cidr_block": "",
            "ipv6_cidr_block_network_border_group": "",
            "ipv6_ipam_pool_id": "",
            "ipv6_netmask_length": 0,
            "main_route_table_id": "rtb-0b19ac350ce51c990",
            "owner_id": "174373590489",
            "tags": {},
            "tags_all": {}
          },
          "sensitive_attributes": [],
          "private": "eyJzY2hlbWFfdmVyc2lvbiI6IjEifQ=="
        }
      ]
    },
    {
      "mode": "managed",
      "type": "local_file",
      "name": "tf-key",
      "provider": "provider[\"registry.terraform.io/hashicorp/local\"]",
      "instances": [
        {
          "schema_version": 0,
          "attributes": {
            "content": "-----BEGIN RSA PRIVATE KEY-----\nMIIEowIBAAKCAQEA2w6iU0mrALww7CM4YhuM4puPKtyjYSmObQHKtWBjVpPg9gh1\nP0ZVc3Ziwl0kRslh8PdGCU5KzqJtQZAAlfbNLjYePjofTiwmu1VhWyEPjZYV6keM\nupmtPK0ksT8Y3m305e071UPOR/u8yhoYfFFSFBk8QIL7tKuR463ROaRh77V+hY9L\nvJHNSUcLxquoKGWk3b1LzUlDLNolqlByCxtrA/u7cZUiiHf9OjA/d8EuOsJuS3RO\nGzmQgn6Q+dvarmhHtxUUFLsTfbeUZK52vJgywIpG8EukDec98RuyTDTdPYUZ/rac\ny88k+2ylH7m1HzxiwT9b1LmHqfOPithm3OBbWQIDAQABAoIBAErjfOEmbTyqGbuQ\n6uS3cHnEHrTTi1NbRqLDmw5Y7n0Zvy29hH/mRq5bibXS6+T7Ue10S9BAoNh1tQ5V\n8a1TG6AxxjMV4b/y3ibrMIZcDhokdkeKwHTGtu/obYPfA1x/kNrOOMdXD/2R9V/O\nfhJ6JqpSWkPfw7dndE+3C7E+HnE5JCTrGwk2Y0yszIZ+mN/euYBlfqZa6pNOIl25\nTGhIFSwUeC3fRCK52SAKn4ClfdCdLsWcOz5wQNvkPJClO2YqNlxULC1z3dnRGkbV\nnw3J+3zzXY8u1KuYOkeewlrAgz6PLaQyantQDmZ5ve4DIK1nxQVb4kwr3sRb3h67\nVJtCXoECgYEA7pvfaILf2oia3SvVtevzz7AzLach1IygvWzvOS70N616P2SjCewH\nxRQGwZ7nScUDDkIMIxfVUsLcDt1BAERpEwQwcm/ZGJxz7YCx11EoLGHlSWKnXulG\nhI/W3pTp37kmxzShld1Lu0tXLvpY+tMTJdd5OW9JVCKDTFXPAqilTskCgYEA6wXz\nwjkwAXUK6bPbeOLtJkdFXetcVdz34flmFo1sGCF1eQ2UmM+mZEzsCUaWMwwC3T7V\nvsdAME9WucTshp9cYQl5L8+XuvGMABsMyrVLg/z3EbPYiM2Y1Ieo61PmRRyXrgKs\nsDYXWUv9gggpLY6fAzLpuvee8iKkcI/G6TUlIBECgYBX7B3db+Q2rYGLH/zmxSQZ\nEo85Mk23+X29byeTRab94TGbrGSbYlrWlvOKYxhMyYi/tzyrrbuQfHcEDylFhO/G\n7xM/B9HSTMw25uYhNil8eTI44V5VDdZLQIlniS3In3wXiWBFTb77K97bU6p3+lEi\n74weytAVbYY+GZxnGWeYaQKBgDXfzGvWTiHXYaQG3aWNZ01iAw2veSAZoh0D3ZoH\n2yKA8PvJ2ClbWEofs+/AZYfYFgP/dmHgLN+mIDw/XvTRLQz1bfk+vgpVeoE/siP5\ngREFeOFu95EMiB8X5enj9qIbFs4FwO43yAxpNfiLxFy0F9FU5207fA0HUeiXnMIy\ns4rxAoGBAM3eMjw0WfcNGu8LJ6Gqf3qhd1UGpEj4yGuZ+EVyV1ne/OAze/Aixeqh\nrEeQH2vtVS1jtTVeBrUE4fMG+c95uf9ncP8VgRkuIsfJrIn4cRnZMADLonD3/pSE\na1BDnFAxvwOdIpXJIoWcOKOXgp+5qlKY8+dBBEeM2quEnpTnGMcG\n-----END RSA PRIVATE KEY-----\n",
            "content_base64": null,
            "content_base64sha256": "v3/eZeTvIMjGYXpCm2caBJSjXEPX5xbAuFKh+811SjU=",
            "content_base64sha512": "5Q4K/l7pBtOGKGVWkkQ3pxFF81xDR0tsN/+S8wiWqW4XlqHS9kmdDved1EQ4Pwn9iv+m9lCDaSfoLudhWKxYNw==",
            "content_md5": "e3b1256e86e123f1563e9470b787489f",
            "content_sha1": "8569d8cf4dfa45ccf279a88bd0a560e2a657ec39",
            "content_sha256": "bf7fde65e4ef20c8c6617a429b671a0494a35c43d7e716c0b852a1fbcd754a35",
            "content_sha512": "e50e0afe5ee906d386286556924437a71145f35c43474b6c37ff92f30896a96e1796a1d2f6499d0ef79dd444383f09fd8affa6f650836927e82ee76158ac5837",
            "directory_permission": "0777",
            "file_permission": "0777",
            "filename": "tf-key-pair.pem",
            "id": "8569d8cf4dfa45ccf279a88bd0a560e2a657ec39",
            "sensitive_content": null,
            "source": null
          },
          "sensitive_attributes": [
            [
              {
                "type": "get_attr",
                "value": "content"
              }
            ]
          ],
          "dependencies": [
            "tls_private_key.rsa"
          ]
        }
      ]
    },
    {
      "mode": "managed",
      "type": "tls_private_key",
      "name": "rsa",
      "provider": "provider[\"registry.terraform.io/hashicorp/tls\"]",
      "instances": [
        {
          "schema_version": 1,
          "attributes": {
            "algorithm": "RSA",
            "ecdsa_curve": "P224",
            "id": "b513478a4233dc362c04bac7754132ce993845ef",
            "private_key_openssh": "-----BEGIN OPENSSH PRIVATE KEY-----\nb3BlbnNzaC1rZXktdjEAAAAABG5vbmUAAAAEbm9uZQAAAAAAAAABAAABFwAAAAdz\nc2gtcnNhAAAAAwEAAQAAAQEA2w6iU0mrALww7CM4YhuM4puPKtyjYSmObQHKtWBj\nVpPg9gh1P0ZVc3Ziwl0kRslh8PdGCU5KzqJtQZAAlfbNLjYePjofTiwmu1VhWyEP\njZYV6keMupmtPK0ksT8Y3m305e071UPOR/u8yhoYfFFSFBk8QIL7tKuR463ROaRh\n77V+hY9LvJHNSUcLxquoKGWk3b1LzUlDLNolqlByCxtrA/u7cZUiiHf9OjA/d8Eu\nOsJuS3ROGzmQgn6Q+dvarmhHtxUUFLsTfbeUZK52vJgywIpG8EukDec98RuyTDTd\nPYUZ/racy88k+2ylH7m1HzxiwT9b1LmHqfOPithm3OBbWQAAA7gUfzzYFH882AAA\nAAdzc2gtcnNhAAABAQDbDqJTSasAvDDsIzhiG4zim48q3KNhKY5tAcq1YGNWk+D2\nCHU/RlVzdmLCXSRGyWHw90YJTkrOom1BkACV9s0uNh4+Oh9OLCa7VWFbIQ+NlhXq\nR4y6ma08rSSxPxjebfTl7TvVQ85H+7zKGhh8UVIUGTxAgvu0q5HjrdE5pGHvtX6F\nj0u8kc1JRwvGq6goZaTdvUvNSUMs2iWqUHILG2sD+7txlSKId/06MD93wS46wm5L\ndE4bOZCCfpD529quaEe3FRQUuxN9t5Rkrna8mDLAikbwS6QN5z3xG7JMNN09hRn+\ntpzLzyT7bKUfubUfPGLBP1vUuYep84+K2Gbc4FtZAAAAAwEAAQAAAQBK43zhJm08\nqhm7kOrkt3B5xB6004tTW0aiw5sOWO59Gb8tvYR/5kauW4m10uvk+1HtdEvQQKDY\ndbUOVfGtUxugMcYzFeG/8t4m6zCGXA4aJHZHisB0xrbv6G2D3wNcf5DazjjHVw/9\nkfVfzn4SeiaqUlpD38O3Z3RPtwuxPh5xOSQk6xsJNmNMrMyGfpjf3rmAZX6mWuqT\nTiJduUxoSBUsFHgt30QiudkgCp+ApX3QnS7FnDs+cEDb5DyQpTtmKjZcVCwtc93Z\n0RpG1Z8Nyft8812PLtSrmDpHnsJawIM+jy2kMmp7UA5meb3uAyCtZ8UFW+JMK97E\nW94eu1SbQl6BAAAAgQDN3jI8NFn3DRrvCyehqn96oXdVBqRI+MhrmfhFcldZ3vzg\nM3vwIsXqoaxHkB9r7VUtY7U1Xga1BOHzBvnPebn/Z3D/FYEZLiLHyayJ+HEZ2TAA\ny6Jw9/6UhGtQQ5xQMb8DnSKVySKFnDijl4KfuapSmPPnQQRHjNqrhJ6U5xjHBgAA\nAIEA7pvfaILf2oia3SvVtevzz7AzLach1IygvWzvOS70N616P2SjCewHxRQGwZ7n\nScUDDkIMIxfVUsLcDt1BAERpEwQwcm/ZGJxz7YCx11EoLGHlSWKnXulGhI/W3pTp\n37kmxzShld1Lu0tXLvpY+tMTJdd5OW9JVCKDTFXPAqilTskAAACBAOsF88I5MAF1\nCumz23ji7SZHRV3rXFXc9+H5ZhaNbBghdXkNlJjPpmRM7AlGljMMAt0+1b7HQDBP\nVrnE7IafXGEJeS/Pl7rxjAAbDMq1S4P89xGz2IjNmNSHqOtT5kUcl64CrLA2F1lL\n/YIIKS2OnwMy6br3nvIipHCPxuk1JSARAAAAAAEC\n-----END OPENSSH PRIVATE KEY-----\n",
            "private_key_pem": "-----BEGIN RSA PRIVATE KEY-----\nMIIEowIBAAKCAQEA2w6iU0mrALww7CM4YhuM4puPKtyjYSmObQHKtWBjVpPg9gh1\nP0ZVc3Ziwl0kRslh8PdGCU5KzqJtQZAAlfbNLjYePjofTiwmu1VhWyEPjZYV6keM\nupmtPK0ksT8Y3m305e071UPOR/u8yhoYfFFSFBk8QIL7tKuR463ROaRh77V+hY9L\nvJHNSUcLxquoKGWk3b1LzUlDLNolqlByCxtrA/u7cZUiiHf9OjA/d8EuOsJuS3RO\nGzmQgn6Q+dvarmhHtxUUFLsTfbeUZK52vJgywIpG8EukDec98RuyTDTdPYUZ/rac\ny88k+2ylH7m1HzxiwT9b1LmHqfOPithm3OBbWQIDAQABAoIBAErjfOEmbTyqGbuQ\n6uS3cHnEHrTTi1NbRqLDmw5Y7n0Zvy29hH/mRq5bibXS6+T7Ue10S9BAoNh1tQ5V\n8a1TG6AxxjMV4b/y3ibrMIZcDhokdkeKwHTGtu/obYPfA1x/kNrOOMdXD/2R9V/O\nfhJ6JqpSWkPfw7dndE+3C7E+HnE5JCTrGwk2Y0yszIZ+mN/euYBlfqZa6pNOIl25\nTGhIFSwUeC3fRCK52SAKn4ClfdCdLsWcOz5wQNvkPJClO2YqNlxULC1z3dnRGkbV\nnw3J+3zzXY8u1KuYOkeewlrAgz6PLaQyantQDmZ5ve4DIK1nxQVb4kwr3sRb3h67\nVJtCXoECgYEA7pvfaILf2oia3SvVtevzz7AzLach1IygvWzvOS70N616P2SjCewH\nxRQGwZ7nScUDDkIMIxfVUsLcDt1BAERpEwQwcm/ZGJxz7YCx11EoLGHlSWKnXulG\nhI/W3pTp37kmxzShld1Lu0tXLvpY+tMTJdd5OW9JVCKDTFXPAqilTskCgYEA6wXz\nwjkwAXUK6bPbeOLtJkdFXetcVdz34flmFo1sGCF1eQ2UmM+mZEzsCUaWMwwC3T7V\nvsdAME9WucTshp9cYQl5L8+XuvGMABsMyrVLg/z3EbPYiM2Y1Ieo61PmRRyXrgKs\nsDYXWUv9gggpLY6fAzLpuvee8iKkcI/G6TUlIBECgYBX7B3db+Q2rYGLH/zmxSQZ\nEo85Mk23+X29byeTRab94TGbrGSbYlrWlvOKYxhMyYi/tzyrrbuQfHcEDylFhO/G\n7xM/B9HSTMw25uYhNil8eTI44V5VDdZLQIlniS3In3wXiWBFTb77K97bU6p3+lEi\n74weytAVbYY+GZxnGWeYaQKBgDXfzGvWTiHXYaQG3aWNZ01iAw2veSAZoh0D3ZoH\n2yKA8PvJ2ClbWEofs+/AZYfYFgP/dmHgLN+mIDw/XvTRLQz1bfk+vgpVeoE/siP5\ngREFeOFu95EMiB8X5enj9qIbFs4FwO43yAxpNfiLxFy0F9FU5207fA0HUeiXnMIy\ns4rxAoGBAM3eMjw0WfcNGu8LJ6Gqf3qhd1UGpEj4yGuZ+EVyV1ne/OAze/Aixeqh\nrEeQH2vtVS1jtTVeBrUE4fMG+c95uf9ncP8VgRkuIsfJrIn4cRnZMADLonD3/pSE\na1BDnFAxvwOdIpXJIoWcOKOXgp+5qlKY8+dBBEeM2quEnpTnGMcG\n-----END RSA PRIVATE KEY-----\n",
            "private_key_pem_pkcs8": "-----BEGIN PRIVATE KEY-----\nMIIEvQIBADANBgkqhkiG9w0BAQEFAASCBKcwggSjAgEAAoIBAQDbDqJTSasAvDDs\nIzhiG4zim48q3KNhKY5tAcq1YGNWk+D2CHU/RlVzdmLCXSRGyWHw90YJTkrOom1B\nkACV9s0uNh4+Oh9OLCa7VWFbIQ+NlhXqR4y6ma08rSSxPxjebfTl7TvVQ85H+7zK\nGhh8UVIUGTxAgvu0q5HjrdE5pGHvtX6Fj0u8kc1JRwvGq6goZaTdvUvNSUMs2iWq\nUHILG2sD+7txlSKId/06MD93wS46wm5LdE4bOZCCfpD529quaEe3FRQUuxN9t5Rk\nrna8mDLAikbwS6QN5z3xG7JMNN09hRn+tpzLzyT7bKUfubUfPGLBP1vUuYep84+K\n2Gbc4FtZAgMBAAECggEASuN84SZtPKoZu5Dq5LdwecQetNOLU1tGosObDljufRm/\nLb2Ef+ZGrluJtdLr5PtR7XRL0ECg2HW1DlXxrVMboDHGMxXhv/LeJuswhlwOGiR2\nR4rAdMa27+htg98DXH+Q2s44x1cP/ZH1X85+EnomqlJaQ9/Dt2d0T7cLsT4ecTkk\nJOsbCTZjTKzMhn6Y3965gGV+plrqk04iXblMaEgVLBR4Ld9EIrnZIAqfgKV90J0u\nxZw7PnBA2+Q8kKU7Zio2XFQsLXPd2dEaRtWfDcn7fPNdjy7Uq5g6R57CWsCDPo8t\npDJqe1AOZnm97gMgrWfFBVviTCvexFveHrtUm0JegQKBgQDum99ogt/aiJrdK9W1\n6/PPsDMtpyHUjKC9bO85LvQ3rXo/ZKMJ7AfFFAbBnudJxQMOQgwjF9VSwtwO3UEA\nRGkTBDByb9kYnHPtgLHXUSgsYeVJYqde6UaEj9belOnfuSbHNKGV3Uu7S1cu+lj6\n0xMl13k5b0lUIoNMVc8CqKVOyQKBgQDrBfPCOTABdQrps9t44u0mR0Vd61xV3Pfh\n+WYWjWwYIXV5DZSYz6ZkTOwJRpYzDALdPtW+x0AwT1a5xOyGn1xhCXkvz5e68YwA\nGwzKtUuD/PcRs9iIzZjUh6jrU+ZFHJeuAqywNhdZS/2CCCktjp8DMum6957yIqRw\nj8bpNSUgEQKBgFfsHd1v5DatgYsf/ObFJBkSjzkyTbf5fb1vJ5NFpv3hMZusZJti\nWtaW84pjGEzJiL+3PKutu5B8dwQPKUWE78bvEz8H0dJMzDbm5iE2KXx5MjjhXlUN\n1ktAiWeJLciffBeJYEVNvvsr3ttTqnf6USLvjB7K0BVthj4ZnGcZZ5hpAoGANd/M\na9ZOIddhpAbdpY1nTWIDDa95IBmiHQPdmgfbIoDw+8nYKVtYSh+z78Blh9gWA/92\nYeAs36YgPD9e9NEtDPVt+T6+ClV6gT+yI/mBEQV44W73kQyIHxfl6eP2ohsWzgXA\n7jfIDGk1+IvEXLQX0VTnbTt8DQdR6JecwjKzivECgYEAzd4yPDRZ9w0a7wsnoap/\neqF3VQakSPjIa5n4RXJXWd784DN78CLF6qGsR5Afa+1VLWO1NV4GtQTh8wb5z3m5\n/2dw/xWBGS4ix8msifhxGdkwAMuicPf+lIRrUEOcUDG/A50ilckihZw4o5eCn7mq\nUpjz50EER4zaq4SelOcYxwY=\n-----END PRIVATE KEY-----\n",
            "public_key_fingerprint_md5": "0e:a6:85:f0:56:b8:c5:ff:6d:32:2c:82:15:f2:56:ee",
            "public_key_fingerprint_sha256": "SHA256:pWwgJwSFdYxop7EaSwDIkJ2CLagIZOqLZoR8mDb+kks",
            "public_key_openssh": "ssh-rsa AAAAB3NzaC1yc2EAAAADAQABAAABAQDbDqJTSasAvDDsIzhiG4zim48q3KNhKY5tAcq1YGNWk+D2CHU/RlVzdmLCXSRGyWHw90YJTkrOom1BkACV9s0uNh4+Oh9OLCa7VWFbIQ+NlhXqR4y6ma08rSSxPxjebfTl7TvVQ85H+7zKGhh8UVIUGTxAgvu0q5HjrdE5pGHvtX6Fj0u8kc1JRwvGq6goZaTdvUvNSUMs2iWqUHILG2sD+7txlSKId/06MD93wS46wm5LdE4bOZCCfpD529quaEe3FRQUuxN9t5Rkrna8mDLAikbwS6QN5z3xG7JMNN09hRn+tpzLzyT7bKUfubUfPGLBP1vUuYep84+K2Gbc4FtZ\n",
            "public_key_pem": "-----BEGIN PUBLIC KEY-----\nMIIBIjANBgkqhkiG9w0BAQEFAAOCAQ8AMIIBCgKCAQEA2w6iU0mrALww7CM4YhuM\n4puPKtyjYSmObQHKtWBjVpPg9gh1P0ZVc3Ziwl0kRslh8PdGCU5KzqJtQZAAlfbN\nLjYePjofTiwmu1VhWyEPjZYV6keMupmtPK0ksT8Y3m305e071UPOR/u8yhoYfFFS\nFBk8QIL7tKuR463ROaRh77V+hY9LvJHNSUcLxquoKGWk3b1LzUlDLNolqlByCxtr\nA/u7cZUiiHf9OjA/d8EuOsJuS3ROGzmQgn6Q+dvarmhHtxUUFLsTfbeUZK52vJgy\nwIpG8EukDec98RuyTDTdPYUZ/racy88k+2ylH7m1HzxiwT9b1LmHqfOPithm3OBb\nWQIDAQAB\n-----END PUBLIC KEY-----\n",
            "rsa_bits": 2048
          },
          "sensitive_attributes": []
        }
      ]
    }
  ],
  "check_results": null
}
